Microsoft Visual Studio Solution File, Format Version 12.00
# Visual Studio Version 17
VisualStudioVersion = 17.0.31903.59
MinimumVisualStudioVersion = 10.0.40219.1
Project("{2150E333-8FDC-42A3-9474-1A3956D46DE8}") = "01-WebAdminPanel", "01-WebAdminPanel", "{A1B2C3D4-E5F6-7890-ABCD-123456789ABC}"
EndProject
Project("{2150E333-8FDC-42A3-9474-1A3956D46DE8}") = "02-ManagerPanel", "02-ManagerPanel", "{1B6B5FF3-8225-BBE8-63AB-8235CD5175C8}"
EndProject
Project("{2150E333-8FDC-42A3-9474-1A3956D46DE8}") = "03-SmartCustomerApp", "03-SmartCustomerApp", "{12453EE2-8FE2-A428-FF23-BEE95CB7091C}"
EndProject
Project("{2150E333-8FDC-42A3-9474-1A3956D46DE8}") = "04-ReportingDesktop", "04-ReportingDesktop", "{1974B96E-DB73-3277-85CA-70BF935BF3BB}"
EndProject
Project("{2150E333-8FDC-42A3-9474-1A3956D46DE8}") = "05-ReportingMobile", "05-ReportingMobile", "{B987A273-AAD0-5BE8-C345-30D132EA5DD3}"
EndProject
Project("{2150E333-8FDC-42A3-9474-1A3956D46DE8}") = "Shared", "Shared", "{4F52FD11-658E-A102-6CD3-7D7C16FFA15B}"
EndProject
Project("{2150E333-8FDC-42A3-9474-1A3956D46DE8}") = "Docs", "Docs", "{208BA388-4CEE-2CBF-559C-5607C099C1F8}"
	ProjectSection(SolutionItems) = preProject
		Read before you start working.md = Read before you start working.md
		CoreRules_TODO.md = CoreRules_TODO.md
		Frontend_TODO.md = Frontend_TODO.md
		Backend_TODO.md = Backend_TODO.md
		Testing_TODO.md = Testing_TODO.md
	EndProjectSection
EndProject
Project("{2150E333-8FDC-42A3-9474-1A3956D46DE8}") = "Scripts", "Scripts", "{C4AD9936-F0DF-1090-6077-3D4A6324E662}"
EndProject
Project("{2150E333-8FDC-42A3-9474-1A3956D46DE8}") = "ManagerPanel", "ManagerPanel", "{BD15B4AF-B6B7-6407-E8EB-B92DC2A60B2D}"
EndProject
Project("{FAE04EC0-301F-11D3-BF4B-00C04F79EFBC}") = "ASL.LivingGrid.ManagerPanel", "ManagerPanel\ASL.LivingGrid.ManagerPanel\ASL.LivingGrid.ManagerPanel.csproj", "{21353440-CC65-4349-ABFE-0443C52ED0C6}"
EndProject
Project("{2150E333-8FDC-42A3-9474-1A3956D46DE8}") = "SmartCustomerApp", "SmartCustomerApp", "{AAA71C17-90A5-6AF9-FF99-8A44AABD5615}"
EndProject
Project("{FAE04EC0-301F-11D3-BF4B-00C04F79EFBC}") = "ASL.LivingGrid.SmartCustomerApp", "SmartCustomerApp\ASL.LivingGrid.SmartCustomerApp\ASL.LivingGrid.SmartCustomerApp.csproj", "{425D730B-E8F2-4D00-9AD2-C0CAC5345BDA}"
EndProject
Project("{2150E333-8FDC-42A3-9474-1A3956D46DE8}") = "ReportingDesktop", "ReportingDesktop", "{90D5AFC6-188C-66BD-0DA3-2B24A1619527}"
EndProject
Project("{FAE04EC0-301F-11D3-BF4B-00C04F79EFBC}") = "ASL.LivingGrid.ReportingDesktop", "ReportingDesktop\ASL.LivingGrid.ReportingDesktop\ASL.LivingGrid.ReportingDesktop.csproj", "{0D8C49DC-DFE7-409E-981E-3CEDB7ACDA7B}"
EndProject
Project("{2150E333-8FDC-42A3-9474-1A3956D46DE8}") = "ReportingMobile", "ReportingMobile", "{590E553E-CEDE-99BC-ED1C-7CF2B926AFD6}"
EndProject
Project("{FAE04EC0-301F-11D3-BF4B-00C04F79EFBC}") = "ASL.LivingGrid.ReportingMobile", "ReportingMobile\ASL.LivingGrid.ReportingMobile\ASL.LivingGrid.ReportingMobile.csproj", "{69A6B03A-3E88-45BF-B7CD-04DEE3B3A924}"
EndProject
Project("{2150E333-8FDC-42A3-9474-1A3956D46DE8}") = "WebAdminPanel", "WebAdminPanel", "{00321066-DC52-E260-AA04-3AB8D4189D3E}"
EndProject
Project("{FAE04EC0-301F-11D3-BF4B-00C04F79EFBC}") = "ASL.LivingGrid.WebAdminPanel", "WebAdminPanel\ASL.LivingGrid.WebAdminPanel\ASL.LivingGrid.WebAdminPanel.csproj", "{6FD04C85-4795-431E-9ACB-07EE0B0E7322}"
EndProject
Project("{FAE04EC0-301F-11D3-BF4B-00C04F79EFBC}") = "ASL.LivingGrid.WebAdminPanel.Tests", "WebAdminPanel\ASL.LivingGrid.WebAdminPanel.Tests\ASL.LivingGrid.WebAdminPanel.Tests.csproj", "{6905A8C9-E7DC-4B84-914E-8BB510B425CF}"
EndProject
Global
	GlobalSection(SolutionConfigurationPlatforms) = preSolution
		Debug|Any CPU = Debug|Any CPU
		Debug|ARM64 = Debug|ARM64
		Debug|x64 = Debug|x64
		Debug|x86 = Debug|x86
		Release|Any CPU = Release|Any CPU
		Release|ARM64 = Release|ARM64
		Release|x64 = Release|x64
		Release|x86 = Release|x86
	EndGlobalSection
	GlobalSection(ProjectConfigurationPlatforms) = postSolution
		{21353440-CC65-4349-ABFE-0443C52ED0C6}.Debug|Any CPU.ActiveCfg = Debug|Any CPU
		{21353440-CC65-4349-ABFE-0443C52ED0C6}.Debug|Any CPU.Build.0 = Debug|Any CPU
		{21353440-CC65-4349-ABFE-0443C52ED0C6}.Debug|ARM64.ActiveCfg = Debug|Any CPU
		{21353440-CC65-4349-ABFE-0443C52ED0C6}.Debug|ARM64.Build.0 = Debug|Any CPU
		{21353440-CC65-4349-ABFE-0443C52ED0C6}.Debug|x64.ActiveCfg = Debug|Any CPU
		{21353440-CC65-4349-ABFE-0443C52ED0C6}.Debug|x64.Build.0 = Debug|Any CPU
		{21353440-CC65-4349-ABFE-0443C52ED0C6}.Debug|x86.ActiveCfg = Debug|Any CPU
		{21353440-CC65-4349-ABFE-0443C52ED0C6}.Debug|x86.Build.0 = Debug|Any CPU
		{21353440-CC65-4349-ABFE-0443C52ED0C6}.Release|Any CPU.ActiveCfg = Release|Any CPU
		{21353440-CC65-4349-ABFE-0443C52ED0C6}.Release|Any CPU.Build.0 = Release|Any CPU
		{21353440-CC65-4349-ABFE-0443C52ED0C6}.Release|ARM64.ActiveCfg = Release|Any CPU
		{21353440-CC65-4349-ABFE-0443C52ED0C6}.Release|ARM64.Build.0 = Release|Any CPU
		{21353440-CC65-4349-ABFE-0443C52ED0C6}.Release|x64.ActiveCfg = Release|Any CPU
		{21353440-CC65-4349-ABFE-0443C52ED0C6}.Release|x64.Build.0 = Release|Any CPU
		{21353440-CC65-4349-ABFE-0443C52ED0C6}.Release|x86.ActiveCfg = Release|Any CPU
		{21353440-CC65-4349-ABFE-0443C52ED0C6}.Release|x86.Build.0 = Release|Any CPU
		{425D730B-E8F2-4D00-9AD2-C0CAC5345BDA}.Debug|Any CPU.ActiveCfg = Debug|Any CPU
		{425D730B-E8F2-4D00-9AD2-C0CAC5345BDA}.Debug|Any CPU.Build.0 = Debug|Any CPU
		{425D730B-E8F2-4D00-9AD2-C0CAC5345BDA}.Debug|ARM64.ActiveCfg = Debug|Any CPU
		{425D730B-E8F2-4D00-9AD2-C0CAC5345BDA}.Debug|ARM64.Build.0 = Debug|Any CPU
		{425D730B-E8F2-4D00-9AD2-C0CAC5345BDA}.Debug|x64.ActiveCfg = Debug|Any CPU
		{425D730B-E8F2-4D00-9AD2-C0CAC5345BDA}.Debug|x64.Build.0 = Debug|Any CPU
		{425D730B-E8F2-4D00-9AD2-C0CAC5345BDA}.Debug|x86.ActiveCfg = Debug|Any CPU
		{425D730B-E8F2-4D00-9AD2-C0CAC5345BDA}.Debug|x86.Build.0 = Debug|Any CPU
		{425D730B-E8F2-4D00-9AD2-C0CAC5345BDA}.Release|Any CPU.ActiveCfg = Release|Any CPU
		{425D730B-E8F2-4D00-9AD2-C0CAC5345BDA}.Release|Any CPU.Build.0 = Release|Any CPU
		{425D730B-E8F2-4D00-9AD2-C0CAC5345BDA}.Release|ARM64.ActiveCfg = Release|Any CPU
		{425D730B-E8F2-4D00-9AD2-C0CAC5345BDA}.Release|ARM64.Build.0 = Release|Any CPU
		{425D730B-E8F2-4D00-9AD2-C0CAC5345BDA}.Release|x64.ActiveCfg = Release|Any CPU
		{425D730B-E8F2-4D00-9AD2-C0CAC5345BDA}.Release|x64.Build.0 = Release|Any CPU
		{425D730B-E8F2-4D00-9AD2-C0CAC5345BDA}.Release|x86.ActiveCfg = Release|Any CPU
		{425D730B-E8F2-4D00-9AD2-C0CAC5345BDA}.Release|x86.Build.0 = Release|Any CPU
		{0D8C49DC-DFE7-409E-981E-3CEDB7ACDA7B}.Debug|Any CPU.ActiveCfg = Debug|Any CPU
		{0D8C49DC-DFE7-409E-981E-3CEDB7ACDA7B}.Debug|Any CPU.Build.0 = Debug|Any CPU
		{0D8C49DC-DFE7-409E-981E-3CEDB7ACDA7B}.Debug|ARM64.ActiveCfg = Debug|Any CPU
		{0D8C49DC-DFE7-409E-981E-3CEDB7ACDA7B}.Debug|ARM64.Build.0 = Debug|Any CPU
		{0D8C49DC-DFE7-409E-981E-3CEDB7ACDA7B}.Debug|x64.ActiveCfg = Debug|Any CPU
		{0D8C49DC-DFE7-409E-981E-3CEDB7ACDA7B}.Debug|x64.Build.0 = Debug|Any CPU
		{0D8C49DC-DFE7-409E-981E-3CEDB7ACDA7B}.Debug|x86.ActiveCfg = Debug|Any CPU
		{0D8C49DC-DFE7-409E-981E-3CEDB7ACDA7B}.Debug|x86.Build.0 = Debug|Any CPU
		{0D8C49DC-DFE7-409E-981E-3CEDB7ACDA7B}.Release|Any CPU.ActiveCfg = Release|Any CPU
		{0D8C49DC-DFE7-409E-981E-3CEDB7ACDA7B}.Release|Any CPU.Build.0 = Release|Any CPU
		{0D8C49DC-DFE7-409E-981E-3CEDB7ACDA7B}.Release|ARM64.ActiveCfg = Release|Any CPU
		{0D8C49DC-DFE7-409E-981E-3CEDB7ACDA7B}.Release|ARM64.Build.0 = Release|Any CPU
		{0D8C49DC-DFE7-409E-981E-3CEDB7ACDA7B}.Release|x64.ActiveCfg = Release|Any CPU
		{0D8C49DC-DFE7-409E-981E-3CEDB7ACDA7B}.Release|x64.Build.0 = Release|Any CPU
		{0D8C49DC-DFE7-409E-981E-3CEDB7ACDA7B}.Release|x86.ActiveCfg = Release|Any CPU
		{0D8C49DC-DFE7-409E-981E-3CEDB7ACDA7B}.Release|x86.Build.0 = Release|Any CPU
		{69A6B03A-3E88-45BF-B7CD-04DEE3B3A924}.Debug|Any CPU.ActiveCfg = Debug|Any CPU
		{69A6B03A-3E88-45BF-B7CD-04DEE3B3A924}.Debug|Any CPU.Build.0 = Debug|Any CPU
		{69A6B03A-3E88-45BF-B7CD-04DEE3B3A924}.Debug|ARM64.ActiveCfg = Debug|Any CPU
		{69A6B03A-3E88-45BF-B7CD-04DEE3B3A924}.Debug|ARM64.Build.0 = Debug|Any CPU
		{69A6B03A-3E88-45BF-B7CD-04DEE3B3A924}.Debug|x64.ActiveCfg = Debug|Any CPU
		{69A6B03A-3E88-45BF-B7CD-04DEE3B3A924}.Debug|x64.Build.0 = Debug|Any CPU
		{69A6B03A-3E88-45BF-B7CD-04DEE3B3A924}.Debug|x86.ActiveCfg = Debug|Any CPU
		{69A6B03A-3E88-45BF-B7CD-04DEE3B3A924}.Debug|x86.Build.0 = Debug|Any CPU
		{69A6B03A-3E88-45BF-B7CD-04DEE3B3A924}.Release|Any CPU.ActiveCfg = Release|Any CPU
		{69A6B03A-3E88-45BF-B7CD-04DEE3B3A924}.Release|Any CPU.Build.0 = Release|Any CPU
		{69A6B03A-3E88-45BF-B7CD-04DEE3B3A924}.Release|ARM64.ActiveCfg = Release|Any CPU
		{69A6B03A-3E88-45BF-B7CD-04DEE3B3A924}.Release|ARM64.Build.0 = Release|Any CPU
		{69A6B03A-3E88-45BF-B7CD-04DEE3B3A924}.Release|x64.ActiveCfg = Release|Any CPU
		{69A6B03A-3E88-45BF-B7CD-04DEE3B3A924}.Release|x64.Build.0 = Release|Any CPU
		{69A6B03A-3E88-45BF-B7CD-04DEE3B3A924}.Release|x86.ActiveCfg = Release|Any CPU
		{69A6B03A-3E88-45BF-B7CD-04DEE3B3A924}.Release|x86.Build.0 = Release|Any CPU
		{6FD04C85-4795-431E-9ACB-07EE0B0E7322}.Debug|Any CPU.ActiveCfg = Debug|Any CPU
		{6FD04C85-4795-431E-9ACB-07EE0B0E7322}.Debug|Any CPU.Build.0 = Debug|Any CPU
		{6FD04C85-4795-431E-9ACB-07EE0B0E7322}.Debug|ARM64.ActiveCfg = Debug|Any CPU
		{6FD04C85-4795-431E-9ACB-07EE0B0E7322}.Debug|ARM64.Build.0 = Debug|Any CPU
		{6FD04C85-4795-431E-9ACB-07EE0B0E7322}.Debug|x64.ActiveCfg = Debug|Any CPU
		{6FD04C85-4795-431E-9ACB-07EE0B0E7322}.Debug|x64.Build.0 = Debug|Any CPU
		{6FD04C85-4795-431E-9ACB-07EE0B0E7322}.Debug|x86.ActiveCfg = Debug|Any CPU
		{6FD04C85-4795-431E-9ACB-07EE0B0E7322}.Debug|x86.Build.0 = Debug|Any CPU
		{6FD04C85-4795-431E-9ACB-07EE0B0E7322}.Release|Any CPU.ActiveCfg = Release|Any CPU
		{6FD04C85-4795-431E-9ACB-07EE0B0E7322}.Release|Any CPU.Build.0 = Release|Any CPU
		{6FD04C85-4795-431E-9ACB-07EE0B0E7322}.Release|ARM64.ActiveCfg = Release|Any CPU
		{6FD04C85-4795-431E-9ACB-07EE0B0E7322}.Release|ARM64.Build.0 = Release|Any CPU
		{6FD04C85-4795-431E-9ACB-07EE0B0E7322}.Release|x64.ActiveCfg = Release|Any CPU
		{6FD04C85-4795-431E-9ACB-07EE0B0E7322}.Release|x64.Build.0 = Release|Any CPU
		{6FD04C85-4795-431E-9ACB-07EE0B0E7322}.Release|x86.ActiveCfg = Release|Any CPU
                {6FD04C85-4795-431E-9ACB-07EE0B0E7322}.Release|x86.Build.0 = Release|Any CPU
                {6905A8C9-E7DC-4B84-914E-8BB510B425CF}.Debug|Any CPU.ActiveCfg = Debug|Any CPU
                {6905A8C9-E7DC-4B84-914E-8BB510B425CF}.Debug|Any CPU.Build.0 = Debug|Any CPU
                {6905A8C9-E7DC-4B84-914E-8BB510B425CF}.Debug|ARM64.ActiveCfg = Debug|Any CPU
                {6905A8C9-E7DC-4B84-914E-8BB510B425CF}.Debug|ARM64.Build.0 = Debug|Any CPU
                {6905A8C9-E7DC-4B84-914E-8BB510B425CF}.Debug|x64.ActiveCfg = Debug|Any CPU
                {6905A8C9-E7DC-4B84-914E-8BB510B425CF}.Debug|x64.Build.0 = Debug|Any CPU
                {6905A8C9-E7DC-4B84-914E-8BB510B425CF}.Debug|x86.ActiveCfg = Debug|Any CPU
                {6905A8C9-E7DC-4B84-914E-8BB510B425CF}.Debug|x86.Build.0 = Debug|Any CPU
                {6905A8C9-E7DC-4B84-914E-8BB510B425CF}.Release|Any CPU.ActiveCfg = Release|Any CPU
                {6905A8C9-E7DC-4B84-914E-8BB510B425CF}.Release|Any CPU.Build.0 = Release|Any CPU
                {6905A8C9-E7DC-4B84-914E-8BB510B425CF}.Release|ARM64.ActiveCfg = Release|Any CPU
                {6905A8C9-E7DC-4B84-914E-8BB510B425CF}.Release|ARM64.Build.0 = Release|Any CPU
                {6905A8C9-E7DC-4B84-914E-8BB510B425CF}.Release|x64.ActiveCfg = Release|Any CPU
                {6905A8C9-E7DC-4B84-914E-8BB510B425CF}.Release|x64.Build.0 = Release|Any CPU
                {6905A8C9-E7DC-4B84-914E-8BB510B425CF}.Release|x86.ActiveCfg = Release|Any CPU
                {6905A8C9-E7DC-4B84-914E-8BB510B425CF}.Release|x86.Build.0 = Release|Any CPU
        EndGlobalSection
	GlobalSection(SolutionProperties) = preSolution
		HideSolutionNode = FALSE
	EndGlobalSection
	GlobalSection(NestedProjects) = preSolution
		{21353440-CC65-4349-ABFE-0443C52ED0C6} = {BD15B4AF-B6B7-6407-E8EB-B92DC2A60B2D}
		{425D730B-E8F2-4D00-9AD2-C0CAC5345BDA} = {AAA71C17-90A5-6AF9-FF99-8A44AABD5615}
		{0D8C49DC-DFE7-409E-981E-3CEDB7ACDA7B} = {90D5AFC6-188C-66BD-0DA3-2B24A1619527}
		{69A6B03A-3E88-45BF-B7CD-04DEE3B3A924} = {590E553E-CEDE-99BC-ED1C-7CF2B926AFD6}
                {6FD04C85-4795-431E-9ACB-07EE0B0E7322} = {00321066-DC52-E260-AA04-3AB8D4189D3E}
                {6905A8C9-E7DC-4B84-914E-8BB510B425CF} = {00321066-DC52-E260-AA04-3AB8D4189D3E}
        EndGlobalSection
	GlobalSection(ExtensibilityGlobals) = postSolution
		SolutionGuid = {12345678-1234-5678-9ABC-123456789ABC}
	EndGlobalSection
EndGlobal
